github.com/StackExchange/wmi v0.0.0-20180725035823-b12b22c5341f h1:5ZfJxyXo8KyX8DgGXC5B7ILL8y51fci/qYz2B4j8iLY=
github.com/StackExchange/wmi v0.0.0-20180725035823-b12b22c5341f/go.mod h1:3eOhrUMpNV+6aFIbp5/iudMxNCF27Vw2OZgy4xEx0Fg=
github.com/davecgh/go-spew v1.1.1 h1:vj9j/u1bqnvCEfJOwUhtlOARqs3+rkHYY13jYWTU97c=
github.com/davecgh/go-spew v1.1.1/go.mod h1:J7Y8YcW2NihsgmVo/mv3lAwl/skON4iLHjSsI+c5H38=
github.com/go-ole/go-ole v1.2.1 h1:2lOsA72HgjxAuMlKpFiCbHTvu44PIVkZ5hqm3RSdI/E=
github.com/go-ole/go-ole v1.2.1/go.mod h1:7FAglXiTm7HKlQRDeOQ6ZNUHidzCWXuZWq/1dTyBNF8=
github.com/mozillazg/go-pinyin v0.14.0 h1:/knDs7bXZehCpTN29HMh+uzJTqcyQEXO0wMbekIoxdE=
github.com/mozillazg/go-pinyin v0.14.0/go.mod h1:bO+dztNW6O2lSJdYLha7LO3bujXzjjU3UvKb2IGANfg=
github.com/pmezard/go-difflib v1.0.0 h1:4DBwDE0NGyQoBHbLQYPwSUPoCMWR5BEzIk/f1lZbAQM=
github.com/pmezard/go-difflib v1.0.0/go.mod h1:iKH77koFhYxTK1pcRnkKkqfTogsbg7gZNVY4sRDYZ/4=
github.com/shirou/gopsutil v2.18.10+incompatible h1:cy84jW6EVRPa5g9HAHrlbxMSIjBhDSX0OFYyMYminYs=
github.com/shirou/gopsutil v2.18.10+incompatible/go.mod h1:5b4v6he4MtMOwMlS0TUMTu2PcXUg8+E1lC7eC3UO/RA=
github.com/stretchr/testify v1.2.2 h1:bSDNvY7ZPG5RlJ8otE/7V6gMiyenm9RtJ7IUVIAoJ1w=
github.com/stretchr/testify v1.2.2/go.mod h1:a8OnRcib4nhh0OaRAV+Yts87kKdq0PP7pXfy6kDkUVs=
github.com/toolkits/file v0.0.0-20160325033739-a5b3c5147e07 h1:d/VUIMNTk65Xz69htmRPNfjypq2uNRqVsymcXQu6kKk=
github.com/toolkits/file v0.0.0-20160325033739-a5b3c5147e07/go.mod h1:FbXpUxsx5in7z/OrWFDdhYetOy3/VGIJsVHN9G7RUPA=
golang.org/x/sys v0.0.0-20181107165924-66b7b1311ac8 h1:YoY1wS6JYVRpIfFngRf2HHo9R9dAne3xbkGOQ5rJXjU=
golang.org/x/sys v0.0.0-20181107165924-66b7b1311ac8/go.mod h1:STP8DvDyc/dI5b8T5hshtkjS+E42TnysNCUPdjciGhY=
